// !$*UTF8*$!
{
	archiveVersion = 1;
	classes = {
	};
	objectVersion = 77;
	objects = {

/* Begin PBXBuildFile section */
		78DCA97C2EE2733A0083FF78 /* Lottie in Frameworks */ = {isa = PBXBuildFile; productRef = 78DCA97B2EE2733A0083FF78 /* Lottie */; };
/* End PBXBuildFile section */

/* Begin PBXContainerItemProxy section */
		787879FF2E6D095600FE763F /* PBXContainerItemProxy */ = {
			isa = PBXContainerItemProxy;
			containerPortal = 787879E22E6D095400FE763F /* Project object */;
			proxyType = 1;
			remoteGlobalIDString = 787879E92E6D095400FE763F;
			remoteInfo = dogetionary;
		};
		78787A092E6D095600FE763F /* PBXContainerItemProxy */ = {
			isa = PBXContainerItemProxy;
			containerPortal = 787879E22E6D095400FE763F /* Project object */;
			proxyType = 1;
			remoteGlobalIDString = 787879E92E6D095400FE763F;
			remoteInfo = dogetionary;
		};
/* End PBXContainerItemProxy section */

/* Begin PBXFileReference section */
		787879EA2E6D095400FE763F /* dogetionary.app */ = {isa = PBXFileReference; explicitFileType = wrapper.application; includeInIndex = 0; path = dogetionary.app; sourceTree = BUILT_PRODUCTS_DIR; };
		787879FE2E6D095600FE763F /* dogetionaryTests.xctest */ = {isa = PBXFileReference; explicitFileType = wrapper.cfbundle; includeInIndex = 0; path = dogetionaryTests.xctest; sourceTree = BUILT_PRODUCTS_DIR; };
		78787A082E6D095600FE763F /* dogetionaryUITests.xctest */ = {isa = PBXFileReference; explicitFileType = wrapper.cfbundle; includeInIndex = 0; path = dogetionaryUITests.xctest; sourceTree = BUILT_PRODUCTS_DIR; };
/* End PBXFileReference section */

/* Begin PBXFileSystemSynchronizedBuildFileExceptionSet section */
		78787A102E6D095600FE763F /* Exceptions for "dogetionary" folder in "dogetionary" target */ = {
			isa = PBXFileSystemSynchronizedBuildFileExceptionSet;
			membershipExceptions = (
				Info.plist,
			);
			target = 787879E92E6D095400FE763F /* dogetionary */;
		};
/* End PBXFileSystemSynchronizedBuildFileExceptionSet section */

/* Begin PBXFileSystemSynchronizedRootGroup section */
		787879EC2E6D095400FE763F /* dogetionary */ = {
			isa = PBXFileSystemSynchronizedRootGroup;
			exceptions = (
				78787A102E6D095600FE763F /* Exceptions for "dogetionary" folder in "dogetionary" target */,
			);
			path = dogetionary;
			sourceTree = "<group>";
		};
		78787A012E6D095600FE763F /* dogetionaryTests */ = {
			isa = PBXFileSystemSynchronizedRootGroup;
			path = dogetionaryTests;
			sourceTree = "<group>";
		};
		78787A0B2E6D095600FE763F /* dogetionaryUITests */ = {
			isa = PBXFileSystemSynchronizedRootGroup;
			path = dogetionaryUITests;
			sourceTree = "<group>";
		};
/* End PBXFileSystemSynchronizedRootGroup section */

/* Begin PBXFrameworksBuildPhase section */
		787879E72E6D095400FE763F /* Frameworks */ = {
			isa = PBXFrameworksBuildPhase;
			buildActionMask = 2147483647;
			files = (
				78DCA97C2EE2733A0083FF78 /* Lottie in Frameworks */,
			);
			runOnlyForDeploymentPostprocessing = 0;
		};
		787879FB2E6D095600FE763F /* Frameworks */ = {
			isa = PBXFrameworksBuildPhase;
			buildActionMask = 2147483647;
			files = (
			);
			runOnlyForDeploymentPostprocessing = 0;
		};
		78787A052E6D095600FE763F /* Frameworks */ = {
			isa = PBXFrameworksBuildPhase;
			buildActionMask = 2147483647;
			files = (
			);
			runOnlyForDeploymentPostprocessing = 0;
		};
/* End PBXFrameworksBuildPhase section */

/* Begin PBXGroup section */
		787879E12E6D095400FE763F = {
			isa = PBXGroup;
			children = (
				787879EC2E6D095400FE763F /* dogetionary */,
				78787A012E6D095600FE763F /* dogetionaryTests */,
				78787A0B2E6D095600FE763F /* dogetionaryUITests */,
				787879EB2E6D095400FE763F /* Products */,
			);
			sourceTree = "<group>";
		};
		787879EB2E6D095400FE763F /* Products */ = {
			isa = PBXGroup;
			children = (
				787879EA2E6D095400FE763F /* dogetionary.app */,
				787879FE2E6D095600FE763F /* dogetionaryTests.xctest */,
				78787A082E6D095600FE763F /* dogetionaryUITests.xctest */,
			);
			name = Products;
			sourceTree = "<group>";
		};
/* End PBXGroup section */

/* Begin PBXNativeTarget section */
		787879E92E6D095400FE763F /* dogetionary */ = {
			isa = PBXNativeTarget;
			buildConfigurationList = 78787A112E6D095600FE763F /* Build configuration list for PBXNativeTarget "dogetionary" */;
			buildPhases = (
				787879E62E6D095400FE763F /* Sources */,
				787879E72E6D095400FE763F /* Frameworks */,
				787879E82E6D095400FE763F /* Resources */,
			);
			buildRules = (
			);
			dependencies = (
			);
			fileSystemSynchronizedGroups = (
				787879EC2E6D095400FE763F /* dogetionary */,
			);
			name = dogetionary;
			packageProductDependencies = (
				78DCA97B2EE2733A0083FF78 /* Lottie */,
			);
			productName = dogetionary;
			productReference = 787879EA2E6D095400FE763F /* dogetionary.app */;
			productType = "com.apple.product-type.application";
		};
		787879FD2E6D095600FE763F /* dogetionaryTests */ = {
			isa = PBXNativeTarget;
			buildConfigurationList = 78787A162E6D095600FE763F /* Build configuration list for PBXNativeTarget "dogetionaryTests" */;
			buildPhases = (
				787879FA2E6D095600FE763F /* Sources */,
				787879FB2E6D095600FE763F /* Frameworks */,
				787879FC2E6D095600FE763F /* Resources */,
			);
			buildRules = (
			);
			dependencies = (
				78787A002E6D095600FE763F /* PBXTargetDependency */,
			);
			fileSystemSynchronizedGroups = (
				78787A012E6D095600FE763F /* dogetionaryTests */,
			);
			name = dogetionaryTests;
			packageProductDependencies = (
			);
			productName = dogetionaryTests;
			productReference = 787879FE2E6D095600FE763F /* dogetionaryTests.xctest */;
			productType = "com.apple.product-type.bundle.unit-test";
		};
		78787A072E6D095600FE763F /* dogetionaryUITests */ = {
			isa = PBXNativeTarget;
			buildConfigurationList = 78787A192E6D095600FE763F /* Build configuration list for PBXNativeTarget "dogetionaryUITests" */;
			buildPhases = (
				78787A042E6D095600FE763F /* Sources */,
				78787A052E6D095600FE763F /* Frameworks */,
				78787A062E6D095600FE763F /* Resources */,
			);
			buildRules = (
			);
			dependencies = (
				78787A0A2E6D095600FE763F /* PBXTargetDependency */,
			);
			fileSystemSynchronizedGroups = (
				78787A0B2E6D095600FE763F /* dogetionaryUITests */,
			);
			name = dogetionaryUITests;
			packageProductDependencies = (
			);
			productName = dogetionaryUITests;
			productReference = 78787A082E6D095600FE763F /* dogetionaryUITests.xctest */;
			productType = "com.apple.product-type.bundle.ui-testing";
		};
/* End PBXNativeTarget section */

/* Begin PBXProject section */
		787879E22E6D095400FE763F /* Project object */ = {
			isa = PBXProject;
			attributes = {
				BuildIndependentTargetsInParallel = 1;
				LastSwiftUpdateCheck = 1620;
				LastUpgradeCheck = 1620;
				TargetAttributes = {
					787879E92E6D095400FE763F = {
						CreatedOnToolsVersion = 16.2;
					};
					787879FD2E6D095600FE763F = {
						CreatedOnToolsVersion = 16.2;
						TestTargetID = 787879E92E6D095400FE763F;
					};
					78787A072E6D095600FE763F = {
						CreatedOnToolsVersion = 16.2;
						TestTargetID = 787879E92E6D095400FE763F;
					};
				};
			};
			buildConfigurationList = 787879E52E6D095400FE763F /* Build configuration list for PBXProject "dogetionary" */;
			developmentRegion = en;
			hasScannedForEncodings = 0;
			knownRegions = (
				en,
				Base,
			);
			mainGroup = 787879E12E6D095400FE763F;
			minimizedProjectReferenceProxies = 1;
			packageReferences = (
				78DCA97A2EE273190083FF78 /* XCRemoteSwiftPackageReference "lottie-ios" */,
			);
			preferredProjectObjectVersion = 77;
			productRefGroup = 787879EB2E6D095400FE763F /* Products */;
			projectDirPath = "";
			projectRoot = "";
			targets = (
				787879E92E6D095400FE763F /* dogetionary */,
				787879FD2E6D095600FE763F /* dogetionaryTests */,
				78787A072E6D095600FE763F /* dogetionaryUITests */,
			);
		};
/* End PBXProject section */

/* Begin PBXResourcesBuildPhase section */
		787879E82E6D095400FE763F /* Resources */ = {
			isa = PBXResourcesBuildPhase;
			buildActionMask = 2147483647;
			files = (
			);
			runOnlyForDeploymentPostprocessing = 0;
		};
		787879FC2E6D095600FE763F /* Resources */ = {
			isa = PBXResourcesBuildPhase;
			buildActionMask = 2147483647;
			files = (
			);
			runOnlyForDeploymentPostprocessing = 0;
		};
		78787A062E6D095600FE763F /* Resources */ = {
			isa = PBXResourcesBuildPhase;
			buildActionMask = 2147483647;
			files = (
			);
			runOnlyForDeploymentPostprocessing = 0;
		};
/* End PBXResourcesBuildPhase section */

/* Begin PBXSourcesBuildPhase section */
		787879E62E6D095400FE763F /* Sources */ = {
			isa = PBXSourcesBuildPhase;
			buildActionMask = 2147483647;
			files = (
			);
			runOnlyForDeploymentPostprocessing = 0;
		};
		787879FA2E6D095600FE763F /* Sources */ = {
			isa = PBXSourcesBuildPhase;
			buildActionMask = 2147483647;
			files = (
			);
			runOnlyForDeploymentPostprocessing = 0;
		};
		78787A042E6D095600FE763F /* Sources */ = {
			isa = PBXSourcesBuildPhase;
			buildActionMask = 2147483647;
			files = (
			);
			runOnlyForDeploymentPostprocessing = 0;
		};
/* End PBXSourcesBuildPhase section */

/* Begin PBXTargetDependency section */
		78787A002E6D095600FE763F /* PBXTargetDependency */ = {
			isa = PBXTargetDependency;
			target = 787879E92E6D095400FE763F /* dogetionary */;
			targetProxy = 787879FF2E6D095600FE763F /* PBXContainerItemProxy */;
		};
		78787A0A2E6D095600FE763F /* PBXTargetDependency */ = {
			isa = PBXTargetDependency;
			target = 787879E92E6D095400FE763F /* dogetionary */;
			targetProxy = 78787A092E6D095600FE763F /* PBXContainerItemProxy */;
		};
/* End PBXTargetDependency section */

/* Begin XCBuildConfiguration section */
		78787A122E6D095600FE763F /* Debug */ = {
			isa = XCBuildConfiguration;
			buildSettings = {
				ASSETCATALOG_COMPILER_APPICON_NAME = AppIcon;
				ASSETCATALOG_COMPILER_GLOBAL_ACCENT_COLOR_NAME = AccentColor;
				CODE_SIGN_ENTITLEMENTS = dogetionary/dogetionary.entitlements;
				CODE_SIGN_STYLE = Automatic;
				CURRENT_PROJECT_VERSION = 0;
				DEVELOPMENT_ASSET_PATHS = "\"dogetionary/Preview Content\"";
				DEVELOPMENT_TEAM = LYGZYH82G8;
				ENABLE_PREVIEWS = YES;
				GENERATE_INFOPLIST_FILE = YES;
				INFOPLIST_FILE = dogetionary/Info.plist;
				INFOPLIST_KEY_CFBundleDisplayName = "The Alien Assimilation Program";
				INFOPLIST_KEY_LSApplicationCategoryType = "public.app-category.education";
				INFOPLIST_KEY_UIApplicationSceneManifest_Generation = YES;
				INFOPLIST_KEY_UIApplicationSupportsIndirectInputEvents = YES;
				INFOPLIST_KEY_UILaunchScreen_Generation = YES;
				INFOPLIST_KEY_UISupportedInterfaceOrientations_iPad = "UIInterfaceOrientationPortrait UIInterfaceOrientationPortraitUpsideDown UIInterfaceOrientationLandscapeLeft UIInterfaceOrientationLandscapeRight";
				INFOPLIST_KEY_UISupportedInterfaceOrientations_iPhone = "UIInterfaceOrientationPortrait UIInterfaceOrientationLandscapeLeft UIInterfaceOrientationLandscapeRight";
				LD_RUNPATH_SEARCH_PATHS = (
					"$(inherited)",
					"@executable_path/Frameworks",
				);
				MARKETING_VERSION = 2.12;
				PRODUCT_BUNDLE_IDENTIFIER = com.tianzhistudio.dogetionary.dogetionary;
				PRODUCT_NAME = "$(TARGET_NAME)";
				SUPPORTED_PLATFORMS = "iphoneos iphonesimulator";
				SUPPORTS_MACCATALYST = NO;
				SUPPORTS_MAC_DESIGNED_FOR_IPHONE_IPAD = NO;
				SUPPORTS_XR_DESIGNED_FOR_IPHONE_IPAD = NO;
				SWIFT_EMIT_LOC_STRINGS = YES;
				SWIFT_VERSION = 5.0;
				TARGETED_DEVICE_FAMILY = 1;
			};
			name = Debug;
		};
		78787A132E6D095600FE763F /* Release */ = {
			isa = XCBuildConfiguration;
			buildSettings = {
				ASSETCATALOG_COMPILER_APPICON_NAME = AppIcon;
				ASSETCATALOG_COMPILER_GLOBAL_ACCENT_COLOR_NAME = AccentColor;
				CODE_SIGN_ENTITLEMENTS = dogetionary/dogetionary.entitlements;
				CODE_SIGN_STYLE = Automatic;
				CURRENT_PROJECT_VERSION = 0;
				DEVELOPMENT_ASSET_PATHS = "\"dogetionary/Preview Content\"";
				DEVELOPMENT_TEAM = LYGZYH82G8;
				ENABLE_PREVIEWS = YES;
				GENERATE_INFOPLIST_FILE = YES;
				INFOPLIST_FILE = dogetionary/Info.plist;
				INFOPLIST_KEY_CFBundleDisplayName = "The Alien Assimilation Program";
				INFOPLIST_KEY_LSApplicationCategoryType = "public.app-category.education";
				INFOPLIST_KEY_UIApplicationSceneManifest_Generation = YES;
				INFOPLIST_KEY_UIApplicationSupportsIndirectInputEvents = YES;
				INFOPLIST_KEY_UILaunchScreen_Generation = YES;
				INFOPLIST_KEY_UISupportedInterfaceOrientations_iPad = "UIInterfaceOrientationPortrait UIInterfaceOrientationPortraitUpsideDown UIInterfaceOrientationLandscapeLeft UIInterfaceOrientationLandscapeRight";
				INFOPLIST_KEY_UISupportedInterfaceOrientations_iPhone = "UIInterfaceOrientationPortrait UIInterfaceOrientationLandscapeLeft UIInterfaceOrientationLandscapeRight";
				LD_RUNPATH_SEARCH_PATHS = (
					"$(inherited)",
					"@executable_path/Frameworks",
				);
				MARKETING_VERSION = 2.12;
				PRODUCT_BUNDLE_IDENTIFIER = com.tianzhistudio.dogetionary.dogetionary;
				PRODUCT_NAME = "$(TARGET_NAME)";
				SUPPORTED_PLATFORMS = "iphoneos iphonesimulator";
				SUPPORTS_MACCATALYST = NO;
				SUPPORTS_MAC_DESIGNED_FOR_IPHONE_IPAD = NO;
				SUPPORTS_XR_DESIGNED_FOR_IPHONE_IPAD = NO;
				SWIFT_EMIT_LOC_STRINGS = YES;
				SWIFT_VERSION = 5.0;
				TARGETED_DEVICE_FAMILY = 1;
			};
			name = Release;
		};
		78787A142E6D095600FE763F /* Debug */ = {
			isa = XCBuildConfiguration;
			buildSettings = {
				ALWAYS_SEARCH_USER_PATHS = NO;
				ASSETCATALOG_COMPILER_GENERATE_SWIFT_ASSET_SYMBOL_EXTENSIONS = YES;
				CLANG_ANALYZER_NONNULL = YES;
				CLANG_ANALYZER_NUMBER_OBJECT_CONVERSION = YES_AGGRESSIVE;
				CLANG_CXX_LANGUAGE_STANDARD = "gnu++20";
				CLANG_ENABLE_MODULES = YES;
				CLANG_ENABLE_OBJC_ARC = YES;
				CLANG_ENABLE_OBJC_WEAK = YES;
				CLANG_WARN_BLOCK_CAPTURE_AUTORELEASING = YES;
				CLANG_WARN_BOOL_CONVERSION = YES;
				CLANG_WARN_COMMA = YES;
				CLANG_WARN_CONSTANT_CONVERSION = YES;
				CLANG_WARN_DEPRECATED_OBJC_IMPLEMENTATIONS = YES;
				CLANG_WARN_DIRECT_OBJC_ISA_USAGE = YES_ERROR;
				CLANG_WARN_DOCUMENTATION_COMMENTS = YES;
				CLANG_WARN_EMPTY_BODY = YES;
				CLANG_WARN_ENUM_CONVERSION = YES;
				CLANG_WARN_INFINITE_RECURSION = YES;
				CLANG_WARN_INT_CONVERSION = YES;
				CLANG_WARN_NON_LITERAL_NULL_CONVERSION = YES;
				CLANG_WARN_OBJC_IMPLICIT_RETAIN_SELF = YES;
				CLANG_WARN_OBJC_LITERAL_CONVERSION = YES;
				CLANG_WARN_OBJC_ROOT_CLASS = YES_ERROR;
				CLANG_WARN_QUOTED_INCLUDE_IN_FRAMEWORK_HEADER = YES;
				CLANG_WARN_RANGE_LOOP_ANALYSIS = YES;
				CLANG_WARN_STRICT_PROTOTYPES = YES;
				CLANG_WARN_SUSPICIOUS_MOVE = YES;
				CLANG_WARN_UNGUARDED_AVAILABILITY = YES_AGGRESSIVE;
				CLANG_WARN_UNREACHABLE_CODE = YES;
				CLANG_WARN__DUPLICATE_METHOD_MATCH = YES;
				COPY_PHASE_STRIP = NO;
				DEBUG_INFORMATION_FORMAT = dwarf;
				ENABLE_STRICT_OBJC_MSGSEND = YES;
				ENABLE_TESTABILITY = YES;
				ENABLE_USER_SCRIPT_SANDBOXING = YES;
				GCC_C_LANGUAGE_STANDARD = gnu17;
				GCC_DYNAMIC_NO_PIC = NO;
				GCC_NO_COMMON_BLOCKS = YES;
				GCC_OPTIMIZATION_LEVEL = 0;
				GCC_PREPROCESSOR_DEFINITIONS = (
					"DEBUG=1",
					"$(inherited)",
				);
				GCC_WARN_64_TO_32_BIT_CONVERSION = YES;
				GCC_WARN_ABOUT_RETURN_TYPE = YES_ERROR;
				GCC_WARN_UNDECLARED_SELECTOR = YES;
				GCC_WARN_UNINITIALIZED_AUTOS = YES_AGGRESSIVE;
				GCC_WARN_UNUSED_FUNCTION = YES;
				GCC_WARN_UNUSED_VARIABLE = YES;
				IPHONEOS_DEPLOYMENT_TARGET = 18.2;
				LOCALIZATION_PREFERS_STRING_CATALOGS = YES;
				MTL_ENABLE_DEBUG_INFO = INCLUDE_SOURCE;
				MTL_FAST_MATH = YES;
				ONLY_ACTIVE_ARCH = YES;
				SDKROOT = iphoneos;
				SWIFT_ACTIVE_COMPILATION_CONDITIONS = "DEBUG $(inherited)";
				SWIFT_OPTIMIZATION_LEVEL = "-Onone";
			};
			name = Debug;
		};
		78787A152E6D095600FE763F /* Release */ = {
			isa = XCBuildConfiguration;
			buildSettings = {
				ALWAYS_SEARCH_USER_PATHS = NO;
				ASSETCATALOG_COMPILER_GENERATE_SWIFT_ASSET_SYMBOL_EXTENSIONS = YES;
				CLANG_ANALYZER_NONNULL = YES;
				CLANG_ANALYZER_NUMBER_OBJECT_CONVERSION = YES_AGGRESSIVE;
				CLANG_CXX_LANGUAGE_STANDARD = "gnu++20";
				CLANG_ENABLE_MODULES = YES;
				CLANG_ENABLE_OBJC_ARC = YES;
				CLANG_ENABLE_OBJC_WEAK = YES;
				CLANG_WARN_BLOCK_CAPTURE_AUTORELEASING = YES;
				CLANG_WARN_BOOL_CONVERSION = YES;
				CLANG_WARN_COMMA = YES;
				CLANG_WARN_CONSTANT_CONVERSION = YES;
				CLANG_WARN_DEPRECATED_OBJC_IMPLEMENTATIONS = YES;
				CLANG_WARN_DIRECT_OBJC_ISA_USAGE = YES_ERROR;
				CLANG_WARN_DOCUMENTATION_COMMENTS = YES;
				CLANG_WARN_EMPTY_BODY = YES;
				CLANG_WARN_ENUM_CONVERSION = YES;
				CLANG_WARN_INFINITE_RECURSION = YES;
				CLANG_WARN_INT_CONVERSION = YES;
				CLANG_WARN_NON_LITERAL_NULL_CONVERSION = YES;
				CLANG_WARN_OBJC_IMPLICIT_RETAIN_SELF = YES;
				CLANG_WARN_OBJC_LITERAL_CONVERSION = YES;
				CLANG_WARN_OBJC_ROOT_CLASS = YES_ERROR;
				CLANG_WARN_QUOTED_INCLUDE_IN_FRAMEWORK_HEADER = YES;
				CLANG_WARN_RANGE_LOOP_ANALYSIS = YES;
				CLANG_WARN_STRICT_PROTOTYPES = YES;
				CLANG_WARN_SUSPICIOUS_MOVE = YES;
				CLANG_WARN_UNGUARDED_AVAILABILITY = YES_AGGRESSIVE;
				CLANG_WARN_UNREACHABLE_CODE = YES;
				CLANG_WARN__DUPLICATE_METHOD_MATCH = YES;
				COPY_PHASE_STRIP = NO;
				DEBUG_INFORMATION_FORMAT = "dwarf-with-dsym";
				ENABLE_NS_ASSERTIONS = NO;
				ENABLE_STRICT_OBJC_MSGSEND = YES;
				ENABLE_USER_SCRIPT_SANDBOXING = YES;
				GCC_C_LANGUAGE_STANDARD = gnu17;
				GCC_NO_COMMON_BLOCKS = YES;
				GCC_WARN_64_TO_32_BIT_CONVERSION = YES;
				GCC_WARN_ABOUT_RETURN_TYPE = YES_ERROR;
				GCC_WARN_UNDECLARED_SELECTOR = YES;
				GCC_WARN_UNINITIALIZED_AUTOS = YES_AGGRESSIVE;
				GCC_WARN_UNUSED_FUNCTION = YES;
				GCC_WARN_UNUSED_VARIABLE = YES;
				IPHONEOS_DEPLOYMENT_TARGET = 18.2;
				LOCALIZATION_PREFERS_STRING_CATALOGS = YES;
				MTL_ENABLE_DEBUG_INFO = NO;
				MTL_FAST_MATH = YES;
				SDKROOT = iphoneos;
				SWIFT_COMPILATION_MODE = wholemodule;
				VALIDATE_PRODUCT = YES;
			};
			name = Release;
		};
		78787A172E6D095600FE763F /* Debug */ = {
			isa = XCBuildConfiguration;
			buildSettings = {
				BUNDLE_LOADER = "$(TEST_HOST)";
				CODE_SIGN_STYLE = Automatic;
				CURRENT_PROJECT_VERSION = 1;
				DEVELOPMENT_TEAM = LYGZYH82G8;
				GENERATE_INFOPLIST_FILE = YES;
				IPHONEOS_DEPLOYMENT_TARGET = 18.2;
				MARKETING_VERSION = 1.0;
				PRODUCT_BUNDLE_IDENTIFIER = com.tianzhistudio.dogetionary.dogetionaryTests;
				PRODUCT_NAME = "$(TARGET_NAME)";
				SWIFT_EMIT_LOC_STRINGS = NO;
				SWIFT_VERSION = 5.0;
				TARGETED_DEVICE_FAMILY = "1,2";
				TEST_HOST = "$(BUILT_PRODUCTS_DIR)/dogetionary.app/$(BUNDLE_EXECUTABLE_FOLDER_PATH)/dogetionary";
			};
			name = Debug;
		};
		78787A182E6D095600FE763F /* Release */ = {
			isa = XCBuildConfiguration;
			buildSettings = {
				BUNDLE_LOADER = "$(TEST_HOST)";
				CODE_SIGN_STYLE = Automatic;
				CURRENT_PROJECT_VERSION = 1;
				DEVELOPMENT_TEAM = LYGZYH82G8;
				GENERATE_INFOPLIST_FILE = YES;
				IPHONEOS_DEPLOYMENT_TARGET = 18.2;
				MARKETING_VERSION = 1.0;
				PRODUCT_BUNDLE_IDENTIFIER = com.tianzhistudio.dogetionary.dogetionaryTests;
				PRODUCT_NAME = "$(TARGET_NAME)";
				SWIFT_EMIT_LOC_STRINGS = NO;
				SWIFT_VERSION = 5.0;
				TARGETED_DEVICE_FAMILY = "1,2";
				TEST_HOST = "$(BUILT_PRODUCTS_DIR)/dogetionary.app/$(BUNDLE_EXECUTABLE_FOLDER_PATH)/dogetionary";
			};
			name = Release;
		};
		78787A1A2E6D095600FE763F /* Debug */ = {
			isa = XCBuildConfiguration;
			buildSettings = {
				CODE_SIGN_STYLE = Automatic;
				CURRENT_PROJECT_VERSION = 1;
				DEVELOPMENT_TEAM = LYGZYH82G8;
				GENERATE_INFOPLIST_FILE = YES;
				MARKETING_VERSION = 1.0;
				PRODUCT_BUNDLE_IDENTIFIER = com.tianzhistudio.dogetionary.dogetionaryUITests;
				PRODUCT_NAME = "$(TARGET_NAME)";
				SWIFT_EMIT_LOC_STRINGS = NO;
				SWIFT_VERSION = 5.0;
				TARGETED_DEVICE_FAMILY = "1,2";
				TEST_TARGET_NAME = dogetionary;
			};
			name = Debug;
		};
		78787A1B2E6D095600FE763F /* Release */ = {
			isa = XCBuildConfiguration;
			buildSettings = {
				CODE_SIGN_STYLE = Automatic;
				CURRENT_PROJECT_VERSION = 1;
				DEVELOPMENT_TEAM = LYGZYH82G8;
				GENERATE_INFOPLIST_FILE = YES;
				MARKETING_VERSION = 1.0;
				PRODUCT_BUNDLE_IDENTIFIER = com.tianzhistudio.dogetionary.dogetionaryUITests;
				PRODUCT_NAME = "$(TARGET_NAME)";
				SWIFT_EMIT_LOC_STRINGS = NO;
				SWIFT_VERSION = 5.0;
				TARGETED_DEVICE_FAMILY = "1,2";
				TEST_TARGET_NAME = dogetionary;
			};
			name = Release;
		};
/* End XCBuildConfiguration section */

/* Begin XCConfigurationList section */
		787879E52E6D095400FE763F /* Build configuration list for PBXProject "dogetionary" */ = {
			isa = XCConfigurationList;
			buildConfigurations = (
				78787A142E6D095600FE763F /* Debug */,
				78787A152E6D095600FE763F /* Release */,
			);
			defaultConfigurationIsVisible = 0;
			defaultConfigurationName = Release;
		};
		78787A112E6D095600FE763F /* Build configuration list for PBXNativeTarget "dogetionary" */ = {
			isa = XCConfigurationList;
			buildConfigurations = (
				78787A122E6D095600FE763F /* Debug */,
				78787A132E6D095600FE763F /* Release */,
			);
			defaultConfigurationIsVisible = 0;
			defaultConfigurationName = Release;
		};
		78787A162E6D095600FE763F /* Build configuration list for PBXNativeTarget "dogetionaryTests" */ = {
			isa = XCConfigurationList;
			buildConfigurations = (
				78787A172E6D095600FE763F /* Debug */,
				78787A182E6D095600FE763F /* Release */,
			);
			defaultConfigurationIsVisible = 0;
			defaultConfigurationName = Release;
		};
		78787A192E6D095600FE763F /* Build configuration list for PBXNativeTarget "dogetionaryUITests" */ = {
			isa = XCConfigurationList;
			buildConfigurations = (
				78787A1A2E6D095600FE763F /* Debug */,
				78787A1B2E6D095600FE763F /* Release */,
			);
			defaultConfigurationIsVisible = 0;
			defaultConfigurationName = Release;
		};
/* End XCConfigurationList section */

/* Begin XCRemoteSwiftPackageReference section */
		78DCA97A2EE273190083FF78 /* XCRemoteSwiftPackageReference "lottie-ios" */ = {
			isa = XCRemoteSwiftPackageReference;
			repositoryURL = "https://github.com/airbnb/lottie-ios";
			requirement = {
				kind = upToNextMajorVersion;
				minimumVersion = 4.5.2;
			};
		};
/* End XCRemoteSwiftPackageReference section */

/* Begin XCSwiftPackageProductDependency section */
		78DCA97B2EE2733A0083FF78 /* Lottie */ = {
			isa = XCSwiftPackageProductDependency;
			package = 78DCA97A2EE273190083FF78 /* XCRemoteSwiftPackageReference "lottie-ios" */;
			productName = Lottie;
		};
/* End XCSwiftPackageProductDependency section */
	};
	rootObject = 787879E22E6D095400FE763F /* Project object */;
}
